
Microsoft Visual Studio Solution File, Format Version 12.00
# Visual Studio 15
VisualStudioVersion = 15.0.28307.421
MinimumVisualStudioVersion = 10.0.40219.1
Project("{FAE04EC0-301F-11D3-BF4B-00C04F79EFBC}") = "Emision de Guia Aerea", "Emision de Guia Aerea\Emision de Guia Aerea.csproj", "{1536130A-E998-4037-84DF-6593C0EE5AA7}"
EndProject
Project("{FAE04EC0-301F-11D3-BF4B-00C04F79EFBC}") = "Datos", "Datos\Datos.csproj", "{1EE74F45-181F-4181-BA35-49018C1A2345}"
EndProject
Project("{FAE04EC0-301F-11D3-BF4B-00C04F79EFBC}") = "Negocio", "Negocio\Negocio.csproj", "{0DA08A9C-BB59-4EC3-8F64-65BA1DCE5E08}"
EndProject
Project("{FAE04EC0-301F-11D3-BF4B-00C04F79EFBC}") = "Entity", "Entity\Entity.csproj", "{2FFD519E-1695-42F5-B42E-91AA1B03EA12}"
EndProject
Global
	GlobalSection(SolutionConfigurationPlatforms) = preSolution
		Debug|Any CPU = Debug|Any CPU
		Release|Any CPU = Release|Any CPU
	EndGlobalSection
	GlobalSection(ProjectConfigurationPlatforms) = postSolution
		{1536130A-E998-4037-84DF-6593C0EE5AA7}.Debug|Any CPU.ActiveCfg = Debug|Any CPU
		{1536130A-E998-4037-84DF-6593C0EE5AA7}.Debug|Any CPU.Build.0 = Debug|Any CPU
		{1536130A-E998-4037-84DF-6593C0EE5AA7}.Release|Any CPU.ActiveCfg = Release|Any CPU
		{1536130A-E998-4037-84DF-6593C0EE5AA7}.Release|Any CPU.Build.0 = Release|Any CPU
		{1EE74F45-181F-4181-BA35-49018C1A2345}.Debug|Any CPU.ActiveCfg = Debug|Any CPU
		{1EE74F45-181F-4181-BA35-49018C1A2345}.Debug|Any CPU.Build.0 = Debug|Any CPU
		{1EE74F45-181F-4181-BA35-49018C1A2345}.Release|Any CPU.ActiveCfg = Release|Any CPU
		{1EE74F45-181F-4181-BA35-49018C1A2345}.Release|Any CPU.Build.0 = Release|Any CPU
		{0DA08A9C-BB59-4EC3-8F64-65BA1DCE5E08}.Debug|Any CPU.ActiveCfg = Debug|Any CPU
		{0DA08A9C-BB59-4EC3-8F64-65BA1DCE5E08}.Debug|Any CPU.Build.0 = Debug|Any CPU
		{0DA08A9C-BB59-4EC3-8F64-65BA1DCE5E08}.Release|Any CPU.ActiveCfg = Release|Any CPU
		{0DA08A9C-BB59-4EC3-8F64-65BA1DCE5E08}.Release|Any CPU.Build.0 = Release|Any CPU
		{2FFD519E-1695-42F5-B42E-91AA1B03EA12}.Debug|Any CPU.ActiveCfg = Debug|Any CPU
		{2FFD519E-1695-42F5-B42E-91AA1B03EA12}.Debug|Any CPU.Build.0 = Debug|Any CPU
		{2FFD519E-1695-42F5-B42E-91AA1B03EA12}.Release|Any CPU.ActiveCfg = Release|Any CPU
		{2FFD519E-1695-42F5-B42E-91AA1B03EA12}.Release|Any CPU.Build.0 = Release|Any CPU
	EndGlobalSection
	GlobalSection(SolutionProperties) = preSolution
		HideSolutionNode = FALSE
	EndGlobalSection
	GlobalSection(ExtensibilityGlobals) = postSolution
		SolutionGuid = {C766701A-FF70-493B-B055-09BF8F967E64}
	EndGlobalSection
EndGlobal
